<?xml version="1.0" encoding="utf-8"?>
<Project ToolsVersion="4.0" xmlns="http://schemas.microsoft.com/developer/msbuild/2003">
  <ItemGroup>
    <Filter Include="源文件">
      <UniqueIdentifier>{4FC737F1-C7A5-4376-A066-2A32D752A2FF}</UniqueIdentifier>
      <Extensions>cpp;c;cc;cxx;c++;cppm;ixx;def;odl;idl;hpj;bat;asm;asmx</Extensions>
    </Filter>
    <Filter Include="头文件">
      <UniqueIdentifier>{93995380-89BD-4b04-88EB-625FBE52EBFB}</UniqueIdentifier>
      <Extensions>h;hh;hpp;hxx;h++;hm;inl;inc;ipp;xsd</Extensions>
    </Filter>
    <Filter Include="资源文件">
      <UniqueIdentifier>{67DA6AB6-F800-4c08-8B7A-83BB121AAD01}</UniqueIdentifier>
      <Extensions>rc;ico;cur;bmp;dlg;rc2;rct;bin;rgs;gif;jpg;jpeg;jpe;resx;tiff;tif;png;wav;mfcribbon-ms</Extensions>
    </Filter>
    <Filter Include="资源文件\checkerboard">
      <UniqueIdentifier>{8ff33515-20d9-42ec-a46c-c49b7705100b}</UniqueIdentifier>
    </Filter>
    <Filter Include="资源文件\piece">
      <UniqueIdentifier>{fb253539-d928-434c-aff7-1ad3f63f7bf8}</UniqueIdentifier>
    </Filter>
    <Filter Include="资源文件\menu">
      <UniqueIdentifier>{7e772fc8-e7cb-4447-a711-9684c195579d}</UniqueIdentifier>
    </Filter>
    <Filter Include="源文件\Game">
      <UniqueIdentifier>{c9139f4c-89e8-4732-942a-1e8ecf6dbab1}</UniqueIdentifier>
    </Filter>
    <Filter Include="头文件\Game">
      <UniqueIdentifier>{685f218f-c1ef-4fc9-8107-012bf7029b1c}</UniqueIdentifier>
    </Filter>
    <Filter Include="头文件\Component">
      <UniqueIdentifier>{bcdd736f-1705-436a-911f-98743055f27c}</UniqueIdentifier>
    </Filter>
    <Filter Include="源文件\Component">
      <UniqueIdentifier>{f3f4e05a-099d-4fdf-adcd-f4aca8df2227}</UniqueIdentifier>
    </Filter>
    <Filter Include="资源文件\button">
      <UniqueIdentifier>{a581bcf0-413e-4f6d-bee0-48f0e2721d50}</UniqueIdentifier>
    </Filter>
  </ItemGroup>
  <ItemGroup>
    <None Include="packages.config" />
  </ItemGroup>
  <ItemGroup>
    <ClCompile Include="main.cpp">
      <Filter>源文件</Filter>
    </ClCompile>
    <ClCompile Include="GameScene.cpp">
      <Filter>源文件</Filter>
    </ClCompile>
    <ClCompile Include="Graphic.cpp">
      <Filter>源文件</Filter>
    </ClCompile>
    <ClCompile Include="CheckerBoard.cpp">
      <Filter>源文件\Component</Filter>
    </ClCompile>
    <ClCompile Include="GameRule.cpp">
      <Filter>源文件\Game</Filter>
    </ClCompile>
    <ClCompile Include="MenuBoard.cpp">
      <Filter>源文件\Component</Filter>
    </ClCompile>
    <ClCompile Include="Node.cpp">
      <Filter>源文件\Game</Filter>
    </ClCompile>
    <ClCompile Include="Button.cpp">
      <Filter>源文件\Component</Filter>
    </ClCompile>
    <ClCompile Include="GameAI_Minmax.cpp">
      <Filter>源文件\Game</Filter>
    </ClCompile>
    <ClCompile Include="GameAI.cpp">
      <Filter>源文件</Filter>
    </ClCompile>
  </ItemGroup>
  <ItemGroup>
    <ClInclude Include="Graphic.h">
      <Filter>头文件</Filter>
    </ClInclude>
    <ClInclude Include="GameRule.h">
      <Filter>头文件\Game</Filter>
    </ClInclude>
    <ClInclude Include="CheckerBoard.h">
      <Filter>头文件\Component</Filter>
    </ClInclude>
    <ClInclude Include="GameScene.h">
      <Filter>头文件</Filter>
    </ClInclude>
    <ClInclude Include="MenuBoard.h">
      <Filter>头文件\Component</Filter>
    </ClInclude>
    <ClInclude Include="Node.h">
      <Filter>头文件\Game</Filter>
    </ClInclude>
    <ClInclude Include="Button.h">
      <Filter>头文件\Component</Filter>
    </ClInclude>
    <ClInclude Include="safe_queue.h">
      <Filter>头文件</Filter>
    </ClInclude>
    <ClInclude Include="GameAI_Minmax.h">
      <Filter>头文件\Game</Filter>
    </ClInclude>
    <ClInclude Include="GameAI.h">
      <Filter>头文件\Game</Filter>
    </ClInclude>
  </ItemGroup>
  <ItemGroup>
    <Image Include="img\checkerboard\board0.bmp">
      <Filter>资源文件\checkerboard</Filter>
    </Image>
    <Image Include="img\checkerboard\board1.bmp">
      <Filter>资源文件\checkerboard</Filter>
    </Image>
    <Image Include="img\checkerboard\board2.bmp">
      <Filter>资源文件\checkerboard</Filter>
    </Image>
    <Image Include="img\checkerboard\board3.bmp">
      <Filter>资源文件\checkerboard</Filter>
    </Image>
    <Image Include="img\checkerboard\board4.bmp">
      <Filter>资源文件\checkerboard</Filter>
    </Image>
    <Image Include="img\checkerboard\board5.bmp">
      <Filter>资源文件\checkerboard</Filter>
    </Image>
    <Image Include="img\checkerboard\board6.bmp">
      <Filter>资源文件\checkerboard</Filter>
    </Image>
    <Image Include="img\checkerboard\board7.bmp">
      <Filter>资源文件\checkerboard</Filter>
    </Image>
    <Image Include="img\checkerboard\board8.bmp">
      <Filter>资源文件\checkerboard</Filter>
    </Image>
    <Image Include="img\checkerboard\board9.bmp">
      <Filter>资源文件\checkerboard</Filter>
    </Image>
    <Image Include="img\checkerboard\checkerboard.bmp">
      <Filter>资源文件\checkerboard</Filter>
    </Image>
    <Image Include="img\piece\blackpiece.bmp">
      <Filter>资源文件\piece</Filter>
    </Image>
    <Image Include="img\piece\whitepiece.bmp">
      <Filter>资源文件\piece</Filter>
    </Image>
    <Image Include="img\menu\menuboard.bmp">
      <Filter>资源文件\menu</Filter>
    </Image>
    <Image Include="img\button\blackstart2.bmp">
      <Filter>资源文件\button</Filter>
    </Image>
    <Image Include="img\button\blackstart3.bmp">
      <Filter>资源文件\button</Filter>
    </Image>
    <Image Include="img\button\blackstart1.bmp">
      <Filter>资源文件\button</Filter>
    </Image>
  </ItemGroup>
</Project>